
Microsoft Visual Studio Solution File, Format Version 12.00
# Visual Studio 15
VisualStudioVersion = 15.0.26124.0
MinimumVisualStudioVersion = 15.0.26124.0
Project("{9A19103F-16F7-4668-BE54-9A1E7A4F7556}") = "CMS.ApplicationCore", "CMS.ApplicationCore\CMS.ApplicationCore.csproj", "{BB837BFC-00B4-4999-8836-E160CA7B0D53}"
EndProject
Project("{9A19103F-16F7-4668-BE54-9A1E7A4F7556}") = "CMS.UI.Web", "CMS.UI.Web\CMS.UI.Web.csproj", "{649361D9-45DA-4C62-B4EC-E52380A935E1}"
EndProject
Project("{FAE04EC0-301F-11D3-BF4B-00C04F79EFBC}") = "CMS.Infrastructure", "CMS.Infrastructure\CMS.Infrastructure.csproj", "{43923D7B-1782-4E66-BA88-85D3E802F6DA}"
EndProject
Global
	GlobalSection(SolutionConfigurationPlatforms) = preSolution
		Debug|Any CPU = Debug|Any CPU
		Debug|x64 = Debug|x64
		Debug|x86 = Debug|x86
		Release|Any CPU = Release|Any CPU
		Release|x64 = Release|x64
		Release|x86 = Release|x86
	EndGlobalSection
	GlobalSection(ProjectConfigurationPlatforms) = postSolution
		{BB837BFC-00B4-4999-8836-E160CA7B0D53}.Debug|Any CPU.ActiveCfg = Debug|Any CPU
		{BB837BFC-00B4-4999-8836-E160CA7B0D53}.Debug|Any CPU.Build.0 = Debug|Any CPU
		{BB837BFC-00B4-4999-8836-E160CA7B0D53}.Debug|x64.ActiveCfg = Debug|Any CPU
		{BB837BFC-00B4-4999-8836-E160CA7B0D53}.Debug|x64.Build.0 = Debug|Any CPU
		{BB837BFC-00B4-4999-8836-E160CA7B0D53}.Debug|x86.ActiveCfg = Debug|Any CPU
		{BB837BFC-00B4-4999-8836-E160CA7B0D53}.Debug|x86.Build.0 = Debug|Any CPU
		{BB837BFC-00B4-4999-8836-E160CA7B0D53}.Release|Any CPU.ActiveCfg = Release|Any CPU
		{BB837BFC-00B4-4999-8836-E160CA7B0D53}.Release|Any CPU.Build.0 = Release|Any CPU
		{BB837BFC-00B4-4999-8836-E160CA7B0D53}.Release|x64.ActiveCfg = Release|Any CPU
		{BB837BFC-00B4-4999-8836-E160CA7B0D53}.Release|x64.Build.0 = Release|Any CPU
		{BB837BFC-00B4-4999-8836-E160CA7B0D53}.Release|x86.ActiveCfg = Release|Any CPU
		{BB837BFC-00B4-4999-8836-E160CA7B0D53}.Release|x86.Build.0 = Release|Any CPU
		{649361D9-45DA-4C62-B4EC-E52380A935E1}.Debug|Any CPU.ActiveCfg = Debug|Any CPU
		{649361D9-45DA-4C62-B4EC-E52380A935E1}.Debug|Any CPU.Build.0 = Debug|Any CPU
		{649361D9-45DA-4C62-B4EC-E52380A935E1}.Debug|x64.ActiveCfg = Debug|Any CPU
		{649361D9-45DA-4C62-B4EC-E52380A935E1}.Debug|x64.Build.0 = Debug|Any CPU
		{649361D9-45DA-4C62-B4EC-E52380A935E1}.Debug|x86.ActiveCfg = Debug|Any CPU
		{649361D9-45DA-4C62-B4EC-E52380A935E1}.Debug|x86.Build.0 = Debug|Any CPU
		{649361D9-45DA-4C62-B4EC-E52380A935E1}.Release|Any CPU.ActiveCfg = Release|Any CPU
		{649361D9-45DA-4C62-B4EC-E52380A935E1}.Release|Any CPU.Build.0 = Release|Any CPU
		{649361D9-45DA-4C62-B4EC-E52380A935E1}.Release|x64.ActiveCfg = Release|Any CPU
		{649361D9-45DA-4C62-B4EC-E52380A935E1}.Release|x64.Build.0 = Release|Any CPU
		{649361D9-45DA-4C62-B4EC-E52380A935E1}.Release|x86.ActiveCfg = Release|Any CPU
		{649361D9-45DA-4C62-B4EC-E52380A935E1}.Release|x86.Build.0 = Release|Any CPU
		{43923D7B-1782-4E66-BA88-85D3E802F6DA}.Debug|Any CPU.ActiveCfg = Debug|Any CPU
		{43923D7B-1782-4E66-BA88-85D3E802F6DA}.Debug|Any CPU.Build.0 = Debug|Any CPU
		{43923D7B-1782-4E66-BA88-85D3E802F6DA}.Debug|x64.ActiveCfg = Debug|Any CPU
		{43923D7B-1782-4E66-BA88-85D3E802F6DA}.Debug|x64.Build.0 = Debug|Any CPU
		{43923D7B-1782-4E66-BA88-85D3E802F6DA}.Debug|x86.ActiveCfg = Debug|Any CPU
		{43923D7B-1782-4E66-BA88-85D3E802F6DA}.Debug|x86.Build.0 = Debug|Any CPU
		{43923D7B-1782-4E66-BA88-85D3E802F6DA}.Release|Any CPU.ActiveCfg = Release|Any CPU
		{43923D7B-1782-4E66-BA88-85D3E802F6DA}.Release|Any CPU.Build.0 = Release|Any CPU
		{43923D7B-1782-4E66-BA88-85D3E802F6DA}.Release|x64.ActiveCfg = Release|Any CPU
		{43923D7B-1782-4E66-BA88-85D3E802F6DA}.Release|x64.Build.0 = Release|Any CPU
		{43923D7B-1782-4E66-BA88-85D3E802F6DA}.Release|x86.ActiveCfg = Release|Any CPU
		{43923D7B-1782-4E66-BA88-85D3E802F6DA}.Release|x86.Build.0 = Release|Any CPU
	EndGlobalSection
	GlobalSection(SolutionProperties) = preSolution
		HideSolutionNode = FALSE
	EndGlobalSection
	GlobalSection(ExtensibilityGlobals) = postSolution
		SolutionGuid = {35F974F2-2BFB-4E66-8BC4-AF3F1D12D49A}
	EndGlobalSection
EndGlobal
